
Microsoft Visual Studio Solution File, Format Version 12.00
# Visual Studio 2013
VisualStudioVersion = 12.0.30723.0
MinimumVisualStudioVersion = 10.0.40219.1
Project("{FAE04EC0-301F-11D3-BF4B-00C04F79EFBC}") = "Lanayo.Vagrant_Manager", "Lanayo.VagrantManager\Lanayo.Vagrant_Manager.csproj", "{DBF8CF9E-BEA9-4DDB-9375-8C0C5DEC69A9}"
EndProject
Project("{FAE04EC0-301F-11D3-BF4B-00C04F79EFBC}") = "SharpSparkle", "SharpSparkle\SharpSparkle\SharpSparkle.csproj", "{DCC3F2D9-CB10-4405-A619-1BDF10D7E44C}"
EndProject
Global
	GlobalSection(SolutionConfigurationPlatforms) = preSolution
		Debug|Any CPU = Debug|Any CPU
		Release|Any CPU = Release|Any CPU
	EndGlobalSection
	GlobalSection(ProjectConfigurationPlatforms) = postSolution
		{DBF8CF9E-BEA9-4DDB-9375-8C0C5DEC69A9}.Debug|Any CPU.ActiveCfg = Debug|Any CPU
		{DBF8CF9E-BEA9-4DDB-9375-8C0C5DEC69A9}.Debug|Any CPU.Build.0 = Debug|Any CPU
		{DBF8CF9E-BEA9-4DDB-9375-8C0C5DEC69A9}.Release|Any CPU.ActiveCfg = Release|Any CPU
		{DBF8CF9E-BEA9-4DDB-9375-8C0C5DEC69A9}.Release|Any CPU.Build.0 = Release|Any CPU
		{DCC3F2D9-CB10-4405-A619-1BDF10D7E44C}.Debug|Any CPU.ActiveCfg = Debug|Any CPU
		{DCC3F2D9-CB10-4405-A619-1BDF10D7E44C}.Debug|Any CPU.Build.0 = Debug|Any CPU
		{DCC3F2D9-CB10-4405-A619-1BDF10D7E44C}.Release|Any CPU.ActiveCfg = Release|Any CPU
		{DCC3F2D9-CB10-4405-A619-1BDF10D7E44C}.Release|Any CPU.Build.0 = Release|Any CPU
	EndGlobalSection
	GlobalSection(SolutionProperties) = preSolution
		HideSolutionNode = FALSE
	EndGlobalSection
EndGlobal
